
Microsoft Visual Studio Solution File, Format Version 12.00
# Visual Studio Version 17
VisualStudioVersion = 17.7.34009.444
MinimumVisualStudioVersion = 10.0.40219.1
Project("{FAE04EC0-301F-11D3-BF4B-00C04F79EFBC}") = "ConsoleApp1TEST", "ConsoleApp1TEST\ConsoleApp1TEST.csproj", "{5C7570FE-CAA7-4185-BA0F-81C0F1F49D3E}"
EndProject
Project("{9A19103F-16F7-4668-BE54-9A1E7A4F7556}") = "TestProject1", "TestProject1\TestProject1.csproj", "{01EC1111-AF3D-4340-929B-870F2E903AD1}"
EndProject
Global
	GlobalSection(SolutionConfigurationPlatforms) = preSolution
		Debug|Any CPU = Debug|Any CPU
		Release|Any CPU = Release|Any CPU
	EndGlobalSection
	GlobalSection(ProjectConfigurationPlatforms) = postSolution
		{5C7570FE-CAA7-4185-BA0F-81C0F1F49D3E}.Debug|Any CPU.ActiveCfg = Debug|Any CPU
		{5C7570FE-CAA7-4185-BA0F-81C0F1F49D3E}.Debug|Any CPU.Build.0 = Debug|Any CPU
		{5C7570FE-CAA7-4185-BA0F-81C0F1F49D3E}.Release|Any CPU.ActiveCfg = Release|Any CPU
		{5C7570FE-CAA7-4185-BA0F-81C0F1F49D3E}.Release|Any CPU.Build.0 = Release|Any CPU
		{01EC1111-AF3D-4340-929B-870F2E903AD1}.Debug|Any CPU.ActiveCfg = Debug|Any CPU
		{01EC1111-AF3D-4340-929B-870F2E903AD1}.Debug|Any CPU.Build.0 = Debug|Any CPU
		{01EC1111-AF3D-4340-929B-870F2E903AD1}.Release|Any CPU.ActiveCfg = Release|Any CPU
		{01EC1111-AF3D-4340-929B-870F2E903AD1}.Release|Any CPU.Build.0 = Release|Any CPU
	EndGlobalSection
	GlobalSection(SolutionProperties) = preSolution
		HideSolutionNode = FALSE
	EndGlobalSection
	GlobalSection(ExtensibilityGlobals) = postSolution
		SolutionGuid = {9019135C-2FAB-4313-A930-C4896AA3BBF7}
	EndGlobalSection
EndGlobal
