
Microsoft Visual Studio Solution File, Format Version 12.00
# Visual Studio Version 17
VisualStudioVersion = 17.7.34009.444
MinimumVisualStudioVersion = 10.0.40219.1
Project("{FAE04EC0-301F-11D3-BF4B-00C04F79EFBC}") = "ConsoleApp1", "ConsoleApp1\ConsoleApp1.csproj", "{6CB1E0A5-F15B-4ADC-87F6-84AF2F39B435}"
EndProject
Project("{FAE04EC0-301F-11D3-BF4B-00C04F79EFBC}") = "TestProject1", "TestProject1\TestProject1.csproj", "{7FFDA03F-4137-45BA-A0CD-F3C7D399C1D6}"
EndProject
Global
	GlobalSection(SolutionConfigurationPlatforms) = preSolution
		Debug|Any CPU = Debug|Any CPU
		Release|Any CPU = Release|Any CPU
	EndGlobalSection
	GlobalSection(ProjectConfigurationPlatforms) = postSolution
		{6CB1E0A5-F15B-4ADC-87F6-84AF2F39B435}.Debug|Any CPU.ActiveCfg = Debug|Any CPU
		{6CB1E0A5-F15B-4ADC-87F6-84AF2F39B435}.Debug|Any CPU.Build.0 = Debug|Any CPU
		{6CB1E0A5-F15B-4ADC-87F6-84AF2F39B435}.Release|Any CPU.ActiveCfg = Release|Any CPU
		{6CB1E0A5-F15B-4ADC-87F6-84AF2F39B435}.Release|Any CPU.Build.0 = Release|Any CPU
		{7FFDA03F-4137-45BA-A0CD-F3C7D399C1D6}.Debug|Any CPU.ActiveCfg = Debug|Any CPU
		{7FFDA03F-4137-45BA-A0CD-F3C7D399C1D6}.Debug|Any CPU.Build.0 = Debug|Any CPU
		{7FFDA03F-4137-45BA-A0CD-F3C7D399C1D6}.Release|Any CPU.ActiveCfg = Release|Any CPU
		{7FFDA03F-4137-45BA-A0CD-F3C7D399C1D6}.Release|Any CPU.Build.0 = Release|Any CPU
	EndGlobalSection
	GlobalSection(SolutionProperties) = preSolution
		HideSolutionNode = FALSE
	EndGlobalSection
	GlobalSection(ExtensibilityGlobals) = postSolution
		SolutionGuid = {ACDB1D39-E8E8-4AA3-96F3-CE2CE3D00F14}
	EndGlobalSection
EndGlobal
